
Microsoft Visual Studio Solution File, Format Version 12.00
# Visual Studio 15
Project("{FAE04EC0-301F-11D3-BF4B-00C04F79EFBC}") = "Rasbpi.Agent.ConsoleApp", "rasbpi-agent\Rasbpi.Agent.ConsoleApp.csproj", "{4FAB923F-578F-4F11-886C-BBDCC1DE4899}"
EndProject
Project("{FAE04EC0-301F-11D3-BF4B-00C04F79EFBC}") = "Rasbpi.BlazorApp.Dashboard", "Rasbpi.BlazorApp.Dashboard\Rasbpi.BlazorApp.Dashboard.csproj", "{1A32CA44-E0C8-4486-8274-2F8A7E63E0B3}"
EndProject
Project("{FAE04EC0-301F-11D3-BF4B-00C04F79EFBC}") = "Rasbpi.WebApi", "Rasbpi.WebApi\Rasbpi.WebApi.csproj", "{2490850F-F106-4747-A56E-C8F07084A335}"
EndProject
Global
	GlobalSection(SolutionConfigurationPlatforms) = preSolution
		Debug|Any CPU = Debug|Any CPU
		Release|Any CPU = Release|Any CPU
	EndGlobalSection
	GlobalSection(ProjectConfigurationPlatforms) = postSolution
		{4FAB923F-578F-4F11-886C-BBDCC1DE4899}.Debug|Any CPU.ActiveCfg = Debug|Any CPU
		{4FAB923F-578F-4F11-886C-BBDCC1DE4899}.Debug|Any CPU.Build.0 = Debug|Any CPU
		{4FAB923F-578F-4F11-886C-BBDCC1DE4899}.Release|Any CPU.ActiveCfg = Release|Any CPU
		{4FAB923F-578F-4F11-886C-BBDCC1DE4899}.Release|Any CPU.Build.0 = Release|Any CPU
		{1A32CA44-E0C8-4486-8274-2F8A7E63E0B3}.Debug|Any CPU.ActiveCfg = Debug|Any CPU
		{1A32CA44-E0C8-4486-8274-2F8A7E63E0B3}.Debug|Any CPU.Build.0 = Debug|Any CPU
		{1A32CA44-E0C8-4486-8274-2F8A7E63E0B3}.Release|Any CPU.ActiveCfg = Release|Any CPU
		{1A32CA44-E0C8-4486-8274-2F8A7E63E0B3}.Release|Any CPU.Build.0 = Release|Any CPU
		{2490850F-F106-4747-A56E-C8F07084A335}.Debug|Any CPU.ActiveCfg = Debug|Any CPU
		{2490850F-F106-4747-A56E-C8F07084A335}.Debug|Any CPU.Build.0 = Debug|Any CPU
		{2490850F-F106-4747-A56E-C8F07084A335}.Release|Any CPU.ActiveCfg = Release|Any CPU
		{2490850F-F106-4747-A56E-C8F07084A335}.Release|Any CPU.Build.0 = Release|Any CPU
	EndGlobalSection
EndGlobal
